// !$*UTF8*$!
{
	archiveVersion = 1;
	classes = {
	};
	objectVersion = 56;
	objects = {

/* Begin PBXBuildFile section */
		6172DC562B9B0E0900AF977F /* AppDelegate.swift in Sources */ = {isa = PBXBuildFile; fileRef = 6172DC552B9B0E0900AF977F /* AppDelegate.swift */; };
		6172DC582B9B0E0900AF977F /* GameScene.sks in Resources */ = {isa = PBXBuildFile; fileRef = 6172DC572B9B0E0900AF977F /* GameScene.sks */; };
		6172DC5C2B9B0E0900AF977F /* GameScene.swift in Sources */ = {isa = PBXBuildFile; fileRef = 6172DC5B2B9B0E0900AF977F /* GameScene.swift */; };
		6172DC5E2B9B0E0900AF977F /* GameViewController.swift in Sources */ = {isa = PBXBuildFile; fileRef = 6172DC5D2B9B0E0900AF977F /* GameViewController.swift */; };
		6172DC612B9B0E0900AF977F /* Main.storyboard in Resources */ = {isa = PBXBuildFile; fileRef = 6172DC5F2B9B0E0900AF977F /* Main.storyboard */; };
		6172DC632B9B0E0A00AF977F /* Assets.xcassets in Resources */ = {isa = PBXBuildFile; fileRef = 6172DC622B9B0E0A00AF977F /* Assets.xcassets */; };
		6172DC662B9B0E0A00AF977F /* LaunchScreen.storyboard in Resources */ = {isa = PBXBuildFile; fileRef = 6172DC642B9B0E0A00AF977F /* LaunchScreen.storyboard */; };
		6172DC912B9B106100AF977F /* explosion.wav in Resources */ = {isa = PBXBuildFile; fileRef = 6172DC8D2B9B106100AF977F /* explosion.wav */; };
		6172DC922B9B106100AF977F /* music.m4a in Resources */ = {isa = PBXBuildFile; fileRef = 6172DC8E2B9B106100AF977F /* music.m4a */; };
		6172DC932B9B106100AF977F /* PlayerExplosion.sks in Resources */ = {isa = PBXBuildFile; fileRef = 6172DC8F2B9B106100AF977F /* PlayerExplosion.sks */; };
		6172DC942B9B106100AF977F /* coin.wav in Resources */ = {isa = PBXBuildFile; fileRef = 6172DC902B9B106100AF977F /* coin.wav */; };
/* End PBXBuildFile section */

/* Begin PBXFileReference section */
		6172DC522B9B0E0900AF977F /* Tailspin Tommy.app */ = {isa = PBXFileReference; explicitFileType = wrapper.application; includeInIndex = 0; path = "Tailspin Tommy.app"; sourceTree = BUILT_PRODUCTS_DIR; };
		6172DC552B9B0E0900AF977F /* AppDelegate.swift */ = {isa = PBXFileReference; lastKnownFileType = sourcecode.swift; path = AppDelegate.swift; sourceTree = "<group>"; };
		6172DC572B9B0E0900AF977F /* GameScene.sks */ = {isa = PBXFileReference; lastKnownFileType = file.sks; path = GameScene.sks; sourceTree = "<group>"; };
		6172DC5B2B9B0E0900AF977F /* GameScene.swift */ = {isa = PBXFileReference; lastKnownFileType = sourcecode.swift; path = GameScene.swift; sourceTree = "<group>"; };
		6172DC5D2B9B0E0900AF977F /* GameViewController.swift */ = {isa = PBXFileReference; lastKnownFileType = sourcecode.swift; path = GameViewController.swift; sourceTree = "<group>"; };
		6172DC602B9B0E0900AF977F /* Base */ = {isa = PBXFileReference; lastKnownFileType = file.storyboard; name = Base; path = Base.lproj/Main.storyboard; sourceTree = "<group>"; };
		6172DC622B9B0E0A00AF977F /* Assets.xcassets */ = {isa = PBXFileReference; lastKnownFileType = folder.assetcatalog; path = Assets.xcassets; sourceTree = "<group>"; };
		6172DC652B9B0E0A00AF977F /* Base */ = {isa = PBXFileReference; lastKnownFileType = file.storyboard; name = Base; path = Base.lproj/LaunchScreen.storyboard; sourceTree = "<group>"; };
		6172DC8D2B9B106100AF977F /* explosion.wav */ = {isa = PBXFileReference; lastKnownFileType = audio.wav; path = explosion.wav; sourceTree = "<group>"; };
		6172DC8E2B9B106100AF977F /* music.m4a */ = {isa = PBXFileReference; lastKnownFileType = file; path = music.m4a; sourceTree = "<group>"; };
		6172DC8F2B9B106100AF977F /* PlayerExplosion.sks */ = {isa = PBXFileReference; lastKnownFileType = file.sks; path = PlayerExplosion.sks; sourceTree = "<group>"; };
		6172DC902B9B106100AF977F /* coin.wav */ = {isa = PBXFileReference; lastKnownFileType = audio.wav; path = coin.wav; sourceTree = "<group>"; };
		61F6F4812B9B94AD00C2D93C /* Tailspin-Tommy-Info.plist */ = {isa = PBXFileReference; lastKnownFileType = text.plist; path = "Tailspin-Tommy-Info.plist"; sourceTree = SOURCE_ROOT; };
/* End PBXFileReference section */

/* Begin PBXFrameworksBuildPhase section */
		6172DC4F2B9B0E0900AF977F /* Frameworks */ = {
			isa = PBXFrameworksBuildPhase;
			buildActionMask = 2147483647;
			files = (
			);
			runOnlyForDeploymentPostprocessing = 0;
		};
/* End PBXFrameworksBuildPhase section */

/* Begin PBXGroup section */
		6172DC492B9B0E0900AF977F = {
			isa = PBXGroup;
			children = (
				6172DC542B9B0E0900AF977F /* Tailspin Tommy */,
				6172DC532B9B0E0900AF977F /* Products */,
			);
			sourceTree = "<group>";
		};
		6172DC532B9B0E0900AF977F /* Products */ = {
			isa = PBXGroup;
			children = (
				6172DC522B9B0E0900AF977F /* Tailspin Tommy.app */,
			);
			name = Products;
			sourceTree = "<group>";
		};
		6172DC542B9B0E0900AF977F /* Tailspin Tommy */ = {
			isa = PBXGroup;
			children = (
				61F6F4812B9B94AD00C2D93C /* Tailspin-Tommy-Info.plist */,
				6172DC8C2B9B104000AF977F /* Content */,
				6172DC552B9B0E0900AF977F /* AppDelegate.swift */,
				6172DC572B9B0E0900AF977F /* GameScene.sks */,
				6172DC5B2B9B0E0900AF977F /* GameScene.swift */,
				6172DC5D2B9B0E0900AF977F /* GameViewController.swift */,
				6172DC5F2B9B0E0900AF977F /* Main.storyboard */,
				6172DC622B9B0E0A00AF977F /* Assets.xcassets */,
				6172DC642B9B0E0A00AF977F /* LaunchScreen.storyboard */,
			);
			path = "Tailspin Tommy";
			sourceTree = "<group>";
		};
		6172DC8C2B9B104000AF977F /* Content */ = {
			isa = PBXGroup;
			children = (
				6172DC902B9B106100AF977F /* coin.wav */,
				6172DC8D2B9B106100AF977F /* explosion.wav */,
				6172DC8E2B9B106100AF977F /* music.m4a */,
				6172DC8F2B9B106100AF977F /* PlayerExplosion.sks */,
			);
			path = Content;
			sourceTree = "<group>";
		};
/* End PBXGroup section */

/* Begin PBXNativeTarget section */
		6172DC512B9B0E0900AF977F /* Tailspin Tommy */ = {
			isa = PBXNativeTarget;
			buildConfigurationList = 6172DC692B9B0E0A00AF977F /* Build configuration list for PBXNativeTarget "Tailspin Tommy" */;
			buildPhases = (
				6172DC4E2B9B0E0900AF977F /* Sources */,
				6172DC4F2B9B0E0900AF977F /* Frameworks */,
				6172DC502B9B0E0900AF977F /* Resources */,
			);
			buildRules = (
			);
			dependencies = (
			);
			name = "Tailspin Tommy";
			productName = "Crashy Plane";
			productReference = 6172DC522B9B0E0900AF977F /* Tailspin Tommy.app */;
			productType = "com.apple.product-type.application";
		};
/* End PBXNativeTarget section */

/* Begin PBXProject section */
		6172DC4A2B9B0E0900AF977F /* Project object */ = {
			isa = PBXProject;
			attributes = {
				BuildIndependentTargetsInParallel = 1;
				LastSwiftUpdateCheck = 1510;
				LastUpgradeCheck = 1510;
				TargetAttributes = {
					6172DC512B9B0E0900AF977F = {
						CreatedOnToolsVersion = 15.1;
					};
				};
			};
			buildConfigurationList = 6172DC4D2B9B0E0900AF977F /* Build configuration list for PBXProject "Tailspin Tommy" */;
			compatibilityVersion = "Xcode 14.0";
			developmentRegion = en;
			hasScannedForEncodings = 0;
			knownRegions = (
				en,
				Base,
			);
			mainGroup = 6172DC492B9B0E0900AF977F;
			productRefGroup = 6172DC532B9B0E0900AF977F /* Products */;
			projectDirPath = "";
			projectRoot = "";
			targets = (
				6172DC512B9B0E0900AF977F /* Tailspin Tommy */,
			);
		};
/* End PBXProject section */

/* Begin PBXResourcesBuildPhase section */
		6172DC502B9B0E0900AF977F /* Resources */ = {
			isa = PBXResourcesBuildPhase;
			buildActionMask = 2147483647;
			files = (
				6172DC912B9B106100AF977F /* explosion.wav in Resources */,
				6172DC612B9B0E0900AF977F /* Main.storyboard in Resources */,
				6172DC922B9B106100AF977F /* music.m4a in Resources */,
				6172DC582B9B0E0900AF977F /* GameScene.sks in Resources */,
				6172DC932B9B106100AF977F /* PlayerExplosion.sks in Resources */,
				6172DC942B9B106100AF977F /* coin.wav in Resources */,
				6172DC632B9B0E0A00AF977F /* Assets.xcassets in Resources */,
				6172DC662B9B0E0A00AF977F /* LaunchScreen.storyboard in Resources */,
			);
			runOnlyForDeploymentPostprocessing = 0;
		};
/* End PBXResourcesBuildPhase section */

/* Begin PBXSourcesBuildPhase section */
		6172DC4E2B9B0E0900AF977F /* Sources */ = {
			isa = PBXSourcesBuildPhase;
			buildActionMask = 2147483647;
			files = (
				6172DC5C2B9B0E0900AF977F /* GameScene.swift in Sources */,
				6172DC5E2B9B0E0900AF977F /* GameViewController.swift in Sources */,
				6172DC562B9B0E0900AF977F /* AppDelegate.swift in Sources */,
			);
			runOnlyForDeploymentPostprocessing = 0;
		};
/* End PBXSourcesBuildPhase section */

/* Begin PBXVariantGroup section */
		6172DC5F2B9B0E0900AF977F /* Main.storyboard */ = {
			isa = PBXVariantGroup;
			children = (
				6172DC602B9B0E0900AF977F /* Base */,
			);
			name = Main.storyboard;
			sourceTree = "<group>";
		};
		6172DC642B9B0E0A00AF977F /* LaunchScreen.storyboard */ = {
			isa = PBXVariantGroup;
			children = (
				6172DC652B9B0E0A00AF977F /* Base */,
			);
			name = LaunchScreen.storyboard;
			sourceTree = "<group>";
		};
/* End PBXVariantGroup section */

/* Begin XCBuildConfiguration section */
		6172DC672B9B0E0A00AF977F /* Debug */ = {
			isa = XCBuildConfiguration;
			buildSettings = {
				ALWAYS_SEARCH_USER_PATHS = NO;
				ASSETCATALOG_COMPILER_GENERATE_SWIFT_ASSET_SYMBOL_EXTENSIONS = YES;
				CLANG_ANALYZER_NONNULL = YES;
				CLANG_ANALYZER_NUMBER_OBJECT_CONVERSION = YES_AGGRESSIVE;
				CLANG_CXX_LANGUAGE_STANDARD = "gnu++20";
				CLANG_ENABLE_MODULES = YES;
				CLANG_ENABLE_OBJC_ARC = YES;
				CLANG_ENABLE_OBJC_WEAK = YES;
				CLANG_WARN_BLOCK_CAPTURE_AUTORELEASING = YES;
				CLANG_WARN_BOOL_CONVERSION = YES;
				CLANG_WARN_COMMA = YES;
				CLANG_WARN_CONSTANT_CONVERSION = YES;
				CLANG_WARN_DEPRECATED_OBJC_IMPLEMENTATIONS = YES;
				CLANG_WARN_DIRECT_OBJC_ISA_USAGE = YES_ERROR;
				CLANG_WARN_DOCUMENTATION_COMMENTS = YES;
				CLANG_WARN_EMPTY_BODY = YES;
				CLANG_WARN_ENUM_CONVERSION = YES;
				CLANG_WARN_INFINITE_RECURSION = YES;
				CLANG_WARN_INT_CONVERSION = YES;
				CLANG_WARN_NON_LITERAL_NULL_CONVERSION = YES;
				CLANG_WARN_OBJC_IMPLICIT_RETAIN_SELF = YES;
				CLANG_WARN_OBJC_LITERAL_CONVERSION = YES;
				CLANG_WARN_OBJC_ROOT_CLASS = YES_ERROR;
				CLANG_WARN_QUOTED_INCLUDE_IN_FRAMEWORK_HEADER = YES;
				CLANG_WARN_RANGE_LOOP_ANALYSIS = YES;
				CLANG_WARN_STRICT_PROTOTYPES = YES;
				CLANG_WARN_SUSPICIOUS_MOVE = YES;
				CLANG_WARN_UNGUARDED_AVAILABILITY = YES_AGGRESSIVE;
				CLANG_WARN_UNREACHABLE_CODE = YES;
				CLANG_WARN__DUPLICATE_METHOD_MATCH = YES;
				COPY_PHASE_STRIP = NO;
				DEBUG_INFORMATION_FORMAT = dwarf;
				ENABLE_STRICT_OBJC_MSGSEND = YES;
				ENABLE_TESTABILITY = YES;
				ENABLE_USER_SCRIPT_SANDBOXING = YES;
				GCC_C_LANGUAGE_STANDARD = gnu17;
				GCC_DYNAMIC_NO_PIC = NO;
				GCC_NO_COMMON_BLOCKS = YES;
				GCC_OPTIMIZATION_LEVEL = 0;
				GCC_PREPROCESSOR_DEFINITIONS = (
					"DEBUG=1",
					"$(inherited)",
				);
				GCC_WARN_64_TO_32_BIT_CONVERSION = YES;
				GCC_WARN_ABOUT_RETURN_TYPE = YES_ERROR;
				GCC_WARN_UNDECLARED_SELECTOR = YES;
				GCC_WARN_UNINITIALIZED_AUTOS = YES_AGGRESSIVE;
				GCC_WARN_UNUSED_FUNCTION = YES;
				GCC_WARN_UNUSED_VARIABLE = YES;
				IPHONEOS_DEPLOYMENT_TARGET = 12.0;
				LOCALIZATION_PREFERS_STRING_CATALOGS = YES;
				MTL_ENABLE_DEBUG_INFO = INCLUDE_SOURCE;
				MTL_FAST_MATH = YES;
				ONLY_ACTIVE_ARCH = YES;
				SDKROOT = iphoneos;
				SWIFT_ACTIVE_COMPILATION_CONDITIONS = "DEBUG $(inherited)";
				SWIFT_OPTIMIZATION_LEVEL = "-Onone";
			};
			name = Debug;
		};
		6172DC682B9B0E0A00AF977F /* Release */ = {
			isa = XCBuildConfiguration;
			buildSettings = {
				ALWAYS_SEARCH_USER_PATHS = NO;
				ASSETCATALOG_COMPILER_GENERATE_SWIFT_ASSET_SYMBOL_EXTENSIONS = YES;
				CLANG_ANALYZER_NONNULL = YES;
				CLANG_ANALYZER_NUMBER_OBJECT_CONVERSION = YES_AGGRESSIVE;
				CLANG_CXX_LANGUAGE_STANDARD = "gnu++20";
				CLANG_ENABLE_MODULES = YES;
				CLANG_ENABLE_OBJC_ARC = YES;
				CLANG_ENABLE_OBJC_WEAK = YES;
				CLANG_WARN_BLOCK_CAPTURE_AUTORELEASING = YES;
				CLANG_WARN_BOOL_CONVERSION = YES;
				CLANG_WARN_COMMA = YES;
				CLANG_WARN_CONSTANT_CONVERSION = YES;
				CLANG_WARN_DEPRECATED_OBJC_IMPLEMENTATIONS = YES;
				CLANG_WARN_DIRECT_OBJC_ISA_USAGE = YES_ERROR;
				CLANG_WARN_DOCUMENTATION_COMMENTS = YES;
				CLANG_WARN_EMPTY_BODY = YES;
				CLANG_WARN_ENUM_CONVERSION = YES;
				CLANG_WARN_INFINITE_RECURSION = YES;
				CLANG_WARN_INT_CONVERSION = YES;
				CLANG_WARN_NON_LITERAL_NULL_CONVERSION = YES;
				CLANG_WARN_OBJC_IMPLICIT_RETAIN_SELF = YES;
				CLANG_WARN_OBJC_LITERAL_CONVERSION = YES;
				CLANG_WARN_OBJC_ROOT_CLASS = YES_ERROR;
				CLANG_WARN_QUOTED_INCLUDE_IN_FRAMEWORK_HEADER = YES;
				CLANG_WARN_RANGE_LOOP_ANALYSIS = YES;
				CLANG_WARN_STRICT_PROTOTYPES = YES;
				CLANG_WARN_SUSPICIOUS_MOVE = YES;
				CLANG_WARN_UNGUARDED_AVAILABILITY = YES_AGGRESSIVE;
				CLANG_WARN_UNREACHABLE_CODE = YES;
				CLANG_WARN__DUPLICATE_METHOD_MATCH = YES;
				COPY_PHASE_STRIP = NO;
				DEBUG_INFORMATION_FORMAT = "dwarf-with-dsym";
				ENABLE_NS_ASSERTIONS = NO;
				ENABLE_STRICT_OBJC_MSGSEND = YES;
				ENABLE_USER_SCRIPT_SANDBOXING = YES;
				GCC_C_LANGUAGE_STANDARD = gnu17;
				GCC_NO_COMMON_BLOCKS = YES;
				GCC_WARN_64_TO_32_BIT_CONVERSION = YES;
				GCC_WARN_ABOUT_RETURN_TYPE = YES_ERROR;
				GCC_WARN_UNDECLARED_SELECTOR = YES;
				GCC_WARN_UNINITIALIZED_AUTOS = YES_AGGRESSIVE;
				GCC_WARN_UNUSED_FUNCTION = YES;
				GCC_WARN_UNUSED_VARIABLE = YES;
				IPHONEOS_DEPLOYMENT_TARGET = 12.0;
				LOCALIZATION_PREFERS_STRING_CATALOGS = YES;
				MTL_ENABLE_DEBUG_INFO = NO;
				MTL_FAST_MATH = YES;
				SDKROOT = iphoneos;
				SWIFT_COMPILATION_MODE = wholemodule;
				VALIDATE_PRODUCT = YES;
			};
			name = Release;
		};
		6172DC6A2B9B0E0A00AF977F /* Debug */ = {
			isa = XCBuildConfiguration;
			buildSettings = {
				ASSETCATALOG_COMPILER_APPICON_NAME = AppIcon;
				ASSETCATALOG_COMPILER_GLOBAL_ACCENT_COLOR_NAME = AccentColor;
				ASSETCATALOG_COMPILER_INCLUDE_ALL_APPICON_ASSETS = YES;
				CODE_SIGN_STYLE = Automatic;
				CURRENT_PROJECT_VERSION = 1;
				DEVELOPMENT_TEAM = 5VSKL623NP;
				GENERATE_INFOPLIST_FILE = YES;
				INFOPLIST_FILE = "Tailspin-Tommy-Info.plist";
				INFOPLIST_KEY_CFBundleDisplayName = "Tailspin Tommy";
				INFOPLIST_KEY_LSApplicationCategoryType = "public.app-category.games";
				INFOPLIST_KEY_UIApplicationSupportsIndirectInputEvents = YES;
				INFOPLIST_KEY_UILaunchStoryboardName = LaunchScreen;
				INFOPLIST_KEY_UIMainStoryboardFile = Main;
				INFOPLIST_KEY_UIStatusBarHidden = YES;
				INFOPLIST_KEY_UISupportedInterfaceOrientations = UIInterfaceOrientationPortrait;
				INFOPLIST_KEY_UISupportedInterfaceOrientations_iPad = "UIInterfaceOrientationLandscapeLeft UIInterfaceOrientationLandscapeRight UIInterfaceOrientationPortrait UIInterfaceOrientationPortraitUpsideDown";
				LD_RUNPATH_SEARCH_PATHS = (
					"$(inherited)",
					"@executable_path/Frameworks",
				);
				MARKETING_VERSION = 1.0;
				PRODUCT_BUNDLE_IDENTIFIER = "dev.upvotes.Tailspin-Tommy";
				PRODUCT_NAME = "$(TARGET_NAME)";
				SWIFT_EMIT_LOC_STRINGS = YES;
				SWIFT_VERSION = 5.0;
				TARGETED_DEVICE_FAMILY = "1,2";
			};
			name = Debug;
		};
		6172DC6B2B9B0E0A00AF977F /* Release */ = {
			isa = XCBuildConfiguration;
			buildSettings = {
				ASSETCATALOG_COMPILER_APPICON_NAME = AppIcon;
				ASSETCATALOG_COMPILER_GLOBAL_ACCENT_COLOR_NAME = AccentColor;
				ASSETCATALOG_COMPILER_INCLUDE_ALL_APPICON_ASSETS = YES;
				CODE_SIGN_STYLE = Automatic;
				CURRENT_PROJECT_VERSION = 1;
				DEVELOPMENT_TEAM = 5VSKL623NP;
				GENERATE_INFOPLIST_FILE = YES;
				INFOPLIST_FILE = "Tailspin-Tommy-Info.plist";
				INFOPLIST_KEY_CFBundleDisplayName = "Tailspin Tommy";
				INFOPLIST_KEY_LSApplicationCategoryType = "public.app-category.games";
				INFOPLIST_KEY_UIApplicationSupportsIndirectInputEvents = YES;
				INFOPLIST_KEY_UILaunchStoryboardName = LaunchScreen;
				INFOPLIST_KEY_UIMainStoryboardFile = Main;
				INFOPLIST_KEY_UIStatusBarHidden = YES;
				INFOPLIST_KEY_UISupportedInterfaceOrientations = UIInterfaceOrientationPortrait;
				INFOPLIST_KEY_UISupportedInterfaceOrientations_iPad = "UIInterfaceOrientationLandscapeLeft UIInterfaceOrientationLandscapeRight UIInterfaceOrientationPortrait UIInterfaceOrientationPortraitUpsideDown";
				LD_RUNPATH_SEARCH_PATHS = (
					"$(inherited)",
					"@executable_path/Frameworks",
				);
				MARKETING_VERSION = 1.0;
				PRODUCT_BUNDLE_IDENTIFIER = "dev.upvotes.Tailspin-Tommy";
				PRODUCT_NAME = "$(TARGET_NAME)";
				SWIFT_EMIT_LOC_STRINGS = YES;
				SWIFT_VERSION = 5.0;
				TARGETED_DEVICE_FAMILY = "1,2";
			};
			name = Release;
		};
/* End XCBuildConfiguration section */

/* Begin XCConfigurationList section */
		6172DC4D2B9B0E0900AF977F /* Build configuration list for PBXProject "Tailspin Tommy" */ = {
			isa = XCConfigurationList;
			buildConfigurations = (
				6172DC672B9B0E0A00AF977F /* Debug */,
				6172DC682B9B0E0A00AF977F /* Release */,
			);
			defaultConfigurationIsVisible = 0;
			defaultConfigurationName = Release;
		};
		6172DC692B9B0E0A00AF977F /* Build configuration list for PBXNativeTarget "Tailspin Tommy" */ = {
			isa = XCConfigurationList;
			buildConfigurations = (
				6172DC6A2B9B0E0A00AF977F /* Debug */,
				6172DC6B2B9B0E0A00AF977F /* Release */,
			);
			defaultConfigurationIsVisible = 0;
			defaultConfigurationName = Release;
		};
/* End XCConfigurationList section */
	};
	rootObject = 6172DC4A2B9B0E0900AF977F /* Project object */;
}
