// !$*UTF8*$!
{
	archiveVersion = 1;
	classes = {
	};
	objectVersion = 56;
	objects = {

/* Begin PBXBuildFile section */
		619307F42BA45F12008F8901 /* LandmarksApp.swift in Sources */ = {isa = PBXBuildFile; fileRef = 619307F32BA45F12008F8901 /* LandmarksApp.swift */; };
		619307F62BA45F12008F8901 /* ContentView.swift in Sources */ = {isa = PBXBuildFile; fileRef = 619307F52BA45F12008F8901 /* ContentView.swift */; };
		619307F82BA45F15008F8901 /* Assets.xcassets in Resources */ = {isa = PBXBuildFile; fileRef = 619307F72BA45F15008F8901 /* Assets.xcassets */; };
		619307FB2BA45F15008F8901 /* Preview Assets.xcassets in Resources */ = {isa = PBXBuildFile; fileRef = 619307FA2BA45F15008F8901 /* Preview Assets.xcassets */; };
		619308022BA46927008F8901 /* CircleImage.swift in Sources */ = {isa = PBXBuildFile; fileRef = 619308012BA46927008F8901 /* CircleImage.swift */; };
		619308042BA46A56008F8901 /* MapView.swift in Sources */ = {isa = PBXBuildFile; fileRef = 619308032BA46A56008F8901 /* MapView.swift */; };
		619308062BA47387008F8901 /* landmarkData.json in Resources */ = {isa = PBXBuildFile; fileRef = 619308052BA47387008F8901 /* landmarkData.json */; };
		619308082BA473B1008F8901 /* Landmark.swift in Sources */ = {isa = PBXBuildFile; fileRef = 619308072BA473B1008F8901 /* Landmark.swift */; };
		6193080A2BA476D8008F8901 /* ModelData.swift in Sources */ = {isa = PBXBuildFile; fileRef = 619308092BA476D8008F8901 /* ModelData.swift */; };
		619308102BA47CB1008F8901 /* LandmarkRow.swift in Sources */ = {isa = PBXBuildFile; fileRef = 6193080F2BA47CB1008F8901 /* LandmarkRow.swift */; };
		619308122BA47EBB008F8901 /* LandmarkList.swift in Sources */ = {isa = PBXBuildFile; fileRef = 619308112BA47EBB008F8901 /* LandmarkList.swift */; };
		619308142BA47FF0008F8901 /* LandmarkDetail.swift in Sources */ = {isa = PBXBuildFile; fileRef = 619308132BA47FF0008F8901 /* LandmarkDetail.swift */; };
		619308162BA48C5E008F8901 /* FavoriteButton.swift in Sources */ = {isa = PBXBuildFile; fileRef = 619308152BA48C5E008F8901 /* FavoriteButton.swift */; };
		6193081A2BA4CFC4008F8901 /* HexagonParameter.swift in Sources */ = {isa = PBXBuildFile; fileRef = 619308192BA4CFC4008F8901 /* HexagonParameter.swift */; };
		6193081C2BA58914008F8901 /* BadgeBackground.swift in Sources */ = {isa = PBXBuildFile; fileRef = 6193081B2BA58914008F8901 /* BadgeBackground.swift */; };
		6193081E2BA58A90008F8901 /* Badge.swift in Sources */ = {isa = PBXBuildFile; fileRef = 6193081D2BA58A90008F8901 /* Badge.swift */; };
		619308202BA58AE3008F8901 /* BadgeSymbol.swift in Sources */ = {isa = PBXBuildFile; fileRef = 6193081F2BA58AE3008F8901 /* BadgeSymbol.swift */; };
		619308222BA58B03008F8901 /* RotatedBadgeSymbol.swift in Sources */ = {isa = PBXBuildFile; fileRef = 619308212BA58B03008F8901 /* RotatedBadgeSymbol.swift */; };
		619308252BA58CBE008F8901 /* hikeData.json in Resources */ = {isa = PBXBuildFile; fileRef = 619308242BA58CBE008F8901 /* hikeData.json */; };
		619308272BA58D02008F8901 /* Hike.swift in Sources */ = {isa = PBXBuildFile; fileRef = 619308262BA58D02008F8901 /* Hike.swift */; };
		6193082D2BA5B49E008F8901 /* GraphCapsule.swift in Sources */ = {isa = PBXBuildFile; fileRef = 619308282BA5B49E008F8901 /* GraphCapsule.swift */; };
		6193082E2BA5B49E008F8901 /* HikeDetail.swift in Sources */ = {isa = PBXBuildFile; fileRef = 619308292BA5B49E008F8901 /* HikeDetail.swift */; };
		6193082F2BA5B49E008F8901 /* HikeGraph.swift in Sources */ = {isa = PBXBuildFile; fileRef = 6193082A2BA5B49E008F8901 /* HikeGraph.swift */; };
		619308302BA5B49E008F8901 /* HikeView.swift in Sources */ = {isa = PBXBuildFile; fileRef = 6193082B2BA5B49E008F8901 /* HikeView.swift */; };
		619308332BA6DA4C008F8901 /* CategoryHome.swift in Sources */ = {isa = PBXBuildFile; fileRef = 619308322BA6DA4C008F8901 /* CategoryHome.swift */; };
		619308352BA6DDE3008F8901 /* CategoryRow.swift in Sources */ = {isa = PBXBuildFile; fileRef = 619308342BA6DDE3008F8901 /* CategoryRow.swift */; };
		619308372BA6E20B008F8901 /* CategoryItem.swift in Sources */ = {isa = PBXBuildFile; fileRef = 619308362BA6E20B008F8901 /* CategoryItem.swift */; };
		619308392BA6F9CC008F8901 /* Profile.swift in Sources */ = {isa = PBXBuildFile; fileRef = 619308382BA6F9CC008F8901 /* Profile.swift */; };
		6193083C2BA6FA5F008F8901 /* ProfileHost.swift in Sources */ = {isa = PBXBuildFile; fileRef = 6193083B2BA6FA5F008F8901 /* ProfileHost.swift */; };
		6193083E2BA6FA81008F8901 /* ProfileSummary.swift in Sources */ = {isa = PBXBuildFile; fileRef = 6193083D2BA6FA80008F8901 /* ProfileSummary.swift */; };
		619308402BA6FB22008F8901 /* HikeBadge.swift in Sources */ = {isa = PBXBuildFile; fileRef = 6193083F2BA6FB22008F8901 /* HikeBadge.swift */; };
		619308422BA6FE43008F8901 /* ProfileEditor.swift in Sources */ = {isa = PBXBuildFile; fileRef = 619308412BA6FE43008F8901 /* ProfileEditor.swift */; };
/* End PBXBuildFile section */

/* Begin PBXFileReference section */
		619307F02BA45F12008F8901 /* Landmarks.app */ = {isa = PBXFileReference; explicitFileType = wrapper.application; includeInIndex = 0; path = Landmarks.app; sourceTree = BUILT_PRODUCTS_DIR; };
		619307F32BA45F12008F8901 /* LandmarksApp.swift */ = {isa = PBXFileReference; lastKnownFileType = sourcecode.swift; path = LandmarksApp.swift; sourceTree = "<group>"; };
		619307F52BA45F12008F8901 /* ContentView.swift */ = {isa = PBXFileReference; lastKnownFileType = sourcecode.swift; path = ContentView.swift; sourceTree = "<group>"; };
		619307F72BA45F15008F8901 /* Assets.xcassets */ = {isa = PBXFileReference; lastKnownFileType = folder.assetcatalog; path = Assets.xcassets; sourceTree = "<group>"; };
		619307FA2BA45F15008F8901 /* Preview Assets.xcassets */ = {isa = PBXFileReference; lastKnownFileType = folder.assetcatalog; path = "Preview Assets.xcassets"; sourceTree = "<group>"; };
		619308012BA46927008F8901 /* CircleImage.swift */ = {isa = PBXFileReference; lastKnownFileType = sourcecode.swift; path = CircleImage.swift; sourceTree = "<group>"; };
		619308032BA46A56008F8901 /* MapView.swift */ = {isa = PBXFileReference; lastKnownFileType = sourcecode.swift; path = MapView.swift; sourceTree = "<group>"; };
		619308052BA47387008F8901 /* landmarkData.json */ = {isa = PBXFileReference; fileEncoding = 4; lastKnownFileType = text.json; path = landmarkData.json; sourceTree = "<group>"; };
		619308072BA473B1008F8901 /* Landmark.swift */ = {isa = PBXFileReference; lastKnownFileType = sourcecode.swift; path = Landmark.swift; sourceTree = "<group>"; };
		619308092BA476D8008F8901 /* ModelData.swift */ = {isa = PBXFileReference; lastKnownFileType = sourcecode.swift; path = ModelData.swift; sourceTree = "<group>"; };
		6193080F2BA47CB1008F8901 /* LandmarkRow.swift */ = {isa = PBXFileReference; lastKnownFileType = sourcecode.swift; path = LandmarkRow.swift; sourceTree = "<group>"; };
		619308112BA47EBB008F8901 /* LandmarkList.swift */ = {isa = PBXFileReference; lastKnownFileType = sourcecode.swift; path = LandmarkList.swift; sourceTree = "<group>"; };
		619308132BA47FF0008F8901 /* LandmarkDetail.swift */ = {isa = PBXFileReference; lastKnownFileType = sourcecode.swift; path = LandmarkDetail.swift; sourceTree = "<group>"; };
		619308152BA48C5E008F8901 /* FavoriteButton.swift */ = {isa = PBXFileReference; lastKnownFileType = sourcecode.swift; path = FavoriteButton.swift; sourceTree = "<group>"; };
		619308192BA4CFC4008F8901 /* HexagonParameter.swift */ = {isa = PBXFileReference; lastKnownFileType = sourcecode.swift; path = HexagonParameter.swift; sourceTree = "<group>"; };
		6193081B2BA58914008F8901 /* BadgeBackground.swift */ = {isa = PBXFileReference; lastKnownFileType = sourcecode.swift; path = BadgeBackground.swift; sourceTree = "<group>"; };
		6193081D2BA58A90008F8901 /* Badge.swift */ = {isa = PBXFileReference; lastKnownFileType = sourcecode.swift; path = Badge.swift; sourceTree = "<group>"; };
		6193081F2BA58AE3008F8901 /* BadgeSymbol.swift */ = {isa = PBXFileReference; lastKnownFileType = sourcecode.swift; path = BadgeSymbol.swift; sourceTree = "<group>"; };
		619308212BA58B03008F8901 /* RotatedBadgeSymbol.swift */ = {isa = PBXFileReference; lastKnownFileType = sourcecode.swift; path = RotatedBadgeSymbol.swift; sourceTree = "<group>"; };
		619308242BA58CBE008F8901 /* hikeData.json */ = {isa = PBXFileReference; fileEncoding = 4; lastKnownFileType = text.json; path = hikeData.json; sourceTree = "<group>"; };
		619308262BA58D02008F8901 /* Hike.swift */ = {isa = PBXFileReference; lastKnownFileType = sourcecode.swift; path = Hike.swift; sourceTree = "<group>"; };
		619308282BA5B49E008F8901 /* GraphCapsule.swift */ = {isa = PBXFileReference; fileEncoding = 4; lastKnownFileType = sourcecode.swift; path = GraphCapsule.swift; sourceTree = "<group>"; };
		619308292BA5B49E008F8901 /* HikeDetail.swift */ = {isa = PBXFileReference; fileEncoding = 4; lastKnownFileType = sourcecode.swift; path = HikeDetail.swift; sourceTree = "<group>"; };
		6193082A2BA5B49E008F8901 /* HikeGraph.swift */ = {isa = PBXFileReference; fileEncoding = 4; lastKnownFileType = sourcecode.swift; path = HikeGraph.swift; sourceTree = "<group>"; };
		6193082B2BA5B49E008F8901 /* HikeView.swift */ = {isa = PBXFileReference; fileEncoding = 4; lastKnownFileType = sourcecode.swift; path = HikeView.swift; sourceTree = "<group>"; };
		619308322BA6DA4C008F8901 /* CategoryHome.swift */ = {isa = PBXFileReference; lastKnownFileType = sourcecode.swift; path = CategoryHome.swift; sourceTree = "<group>"; };
		619308342BA6DDE3008F8901 /* CategoryRow.swift */ = {isa = PBXFileReference; lastKnownFileType = sourcecode.swift; path = CategoryRow.swift; sourceTree = "<group>"; };
		619308362BA6E20B008F8901 /* CategoryItem.swift */ = {isa = PBXFileReference; lastKnownFileType = sourcecode.swift; path = CategoryItem.swift; sourceTree = "<group>"; };
		619308382BA6F9CC008F8901 /* Profile.swift */ = {isa = PBXFileReference; lastKnownFileType = sourcecode.swift; path = Profile.swift; sourceTree = "<group>"; };
		6193083B2BA6FA5F008F8901 /* ProfileHost.swift */ = {isa = PBXFileReference; lastKnownFileType = sourcecode.swift; path = ProfileHost.swift; sourceTree = "<group>"; };
		6193083D2BA6FA80008F8901 /* ProfileSummary.swift */ = {isa = PBXFileReference; lastKnownFileType = sourcecode.swift; path = ProfileSummary.swift; sourceTree = "<group>"; };
		6193083F2BA6FB22008F8901 /* HikeBadge.swift */ = {isa = PBXFileReference; lastKnownFileType = sourcecode.swift; path = HikeBadge.swift; sourceTree = "<group>"; };
		619308412BA6FE43008F8901 /* ProfileEditor.swift */ = {isa = PBXFileReference; lastKnownFileType = sourcecode.swift; path = ProfileEditor.swift; sourceTree = "<group>"; };
/* End PBXFileReference section */

/* Begin PBXFrameworksBuildPhase section */
		619307ED2BA45F12008F8901 /* Frameworks */ = {
			isa = PBXFrameworksBuildPhase;
			buildActionMask = 2147483647;
			files = (
			);
			runOnlyForDeploymentPostprocessing = 0;
		};
/* End PBXFrameworksBuildPhase section */

/* Begin PBXGroup section */
		619307E72BA45F12008F8901 = {
			isa = PBXGroup;
			children = (
				619307F22BA45F12008F8901 /* Landmarks */,
				619307F12BA45F12008F8901 /* Products */,
			);
			sourceTree = "<group>";
		};
		619307F12BA45F12008F8901 /* Products */ = {
			isa = PBXGroup;
			children = (
				619307F02BA45F12008F8901 /* Landmarks.app */,
			);
			name = Products;
			sourceTree = "<group>";
		};
		619307F22BA45F12008F8901 /* Landmarks */ = {
			isa = PBXGroup;
			children = (
				619307F32BA45F12008F8901 /* LandmarksApp.swift */,
				6193080E2BA47C74008F8901 /* Resources */,
				6193082C2BA5B49E008F8901 /* Hikes */,
				6193080C2BA47C4F008F8901 /* Views */,
				619307F52BA45F12008F8901 /* ContentView.swift */,
				6193080D2BA47C5C008F8901 /* Model */,
				619307F72BA45F15008F8901 /* Assets.xcassets */,
				619307F92BA45F15008F8901 /* Preview Content */,
			);
			path = Landmarks;
			sourceTree = "<group>";
		};
		619307F92BA45F15008F8901 /* Preview Content */ = {
			isa = PBXGroup;
			children = (
				619307FA2BA45F15008F8901 /* Preview Assets.xcassets */,
			);
			path = "Preview Content";
			sourceTree = "<group>";
		};
		6193080C2BA47C4F008F8901 /* Views */ = {
			isa = PBXGroup;
			children = (
				6193083A2BA6FA4E008F8901 /* Profile */,
				619308312BA6DA38008F8901 /* Categories */,
				619308172BA48D40008F8901 /* Helpers */,
				619308232BA58B2B008F8901 /* Badges */,
				619308182BA48D47008F8901 /* Landmarks */,
			);
			path = Views;
			sourceTree = "<group>";
		};
		6193080D2BA47C5C008F8901 /* Model */ = {
			isa = PBXGroup;
			children = (
				619308072BA473B1008F8901 /* Landmark.swift */,
				619308092BA476D8008F8901 /* ModelData.swift */,
				619308262BA58D02008F8901 /* Hike.swift */,
			);
			path = Model;
			sourceTree = "<group>";
		};
		6193080E2BA47C74008F8901 /* Resources */ = {
			isa = PBXGroup;
			children = (
				619308052BA47387008F8901 /* landmarkData.json */,
				619308242BA58CBE008F8901 /* hikeData.json */,
			);
			path = Resources;
			sourceTree = "<group>";
		};
		619308172BA48D40008F8901 /* Helpers */ = {
			isa = PBXGroup;
			children = (
				619308012BA46927008F8901 /* CircleImage.swift */,
				619308032BA46A56008F8901 /* MapView.swift */,
				619308152BA48C5E008F8901 /* FavoriteButton.swift */,
			);
			path = Helpers;
			sourceTree = "<group>";
		};
		619308182BA48D47008F8901 /* Landmarks */ = {
			isa = PBXGroup;
			children = (
				6193080F2BA47CB1008F8901 /* LandmarkRow.swift */,
				619308112BA47EBB008F8901 /* LandmarkList.swift */,
				619308132BA47FF0008F8901 /* LandmarkDetail.swift */,
			);
			path = Landmarks;
			sourceTree = "<group>";
		};
		619308232BA58B2B008F8901 /* Badges */ = {
			isa = PBXGroup;
			children = (
				619308192BA4CFC4008F8901 /* HexagonParameter.swift */,
				6193081B2BA58914008F8901 /* BadgeBackground.swift */,
				6193081D2BA58A90008F8901 /* Badge.swift */,
				6193081F2BA58AE3008F8901 /* BadgeSymbol.swift */,
				619308212BA58B03008F8901 /* RotatedBadgeSymbol.swift */,
			);
			path = Badges;
			sourceTree = "<group>";
		};
		6193082C2BA5B49E008F8901 /* Hikes */ = {
			isa = PBXGroup;
			children = (
				6193083F2BA6FB22008F8901 /* HikeBadge.swift */,
				619308282BA5B49E008F8901 /* GraphCapsule.swift */,
				619308292BA5B49E008F8901 /* HikeDetail.swift */,
				6193082A2BA5B49E008F8901 /* HikeGraph.swift */,
				6193082B2BA5B49E008F8901 /* HikeView.swift */,
			);
			path = Hikes;
			sourceTree = "<group>";
		};
		619308312BA6DA38008F8901 /* Categories */ = {
			isa = PBXGroup;
			children = (
				619308322BA6DA4C008F8901 /* CategoryHome.swift */,
				619308342BA6DDE3008F8901 /* CategoryRow.swift */,
				619308362BA6E20B008F8901 /* CategoryItem.swift */,
			);
			path = Categories;
			sourceTree = "<group>";
		};
		6193083A2BA6FA4E008F8901 /* Profile */ = {
			isa = PBXGroup;
			children = (
				619308382BA6F9CC008F8901 /* Profile.swift */,
				6193083B2BA6FA5F008F8901 /* ProfileHost.swift */,
				6193083D2BA6FA80008F8901 /* ProfileSummary.swift */,
				619308412BA6FE43008F8901 /* ProfileEditor.swift */,
			);
			path = Profile;
			sourceTree = "<group>";
		};
/* End PBXGroup section */

/* Begin PBXNativeTarget section */
		619307EF2BA45F12008F8901 /* Landmarks */ = {
			isa = PBXNativeTarget;
			buildConfigurationList = 619307FE2BA45F15008F8901 /* Build configuration list for PBXNativeTarget "Landmarks" */;
			buildPhases = (
				619307EC2BA45F12008F8901 /* Sources */,
				619307ED2BA45F12008F8901 /* Frameworks */,
				619307EE2BA45F12008F8901 /* Resources */,
			);
			buildRules = (
			);
			dependencies = (
			);
			name = Landmarks;
			productName = Landmarks;
			productReference = 619307F02BA45F12008F8901 /* Landmarks.app */;
			productType = "com.apple.product-type.application";
		};
/* End PBXNativeTarget section */

/* Begin PBXProject section */
		619307E82BA45F12008F8901 /* Project object */ = {
			isa = PBXProject;
			attributes = {
				BuildIndependentTargetsInParallel = 1;
				LastSwiftUpdateCheck = 1530;
				LastUpgradeCheck = 1530;
				TargetAttributes = {
					619307EF2BA45F12008F8901 = {
						CreatedOnToolsVersion = 15.3;
					};
				};
			};
			buildConfigurationList = 619307EB2BA45F12008F8901 /* Build configuration list for PBXProject "Landmarks" */;
			compatibilityVersion = "Xcode 14.0";
			developmentRegion = en;
			hasScannedForEncodings = 0;
			knownRegions = (
				en,
				Base,
			);
			mainGroup = 619307E72BA45F12008F8901;
			productRefGroup = 619307F12BA45F12008F8901 /* Products */;
			projectDirPath = "";
			projectRoot = "";
			targets = (
				619307EF2BA45F12008F8901 /* Landmarks */,
			);
		};
/* End PBXProject section */

/* Begin PBXResourcesBuildPhase section */
		619307EE2BA45F12008F8901 /* Resources */ = {
			isa = PBXResourcesBuildPhase;
			buildActionMask = 2147483647;
			files = (
				619308252BA58CBE008F8901 /* hikeData.json in Resources */,
				619307FB2BA45F15008F8901 /* Preview Assets.xcassets in Resources */,
				619307F82BA45F15008F8901 /* Assets.xcassets in Resources */,
				619308062BA47387008F8901 /* landmarkData.json in Resources */,
			);
			runOnlyForDeploymentPostprocessing = 0;
		};
/* End PBXResourcesBuildPhase section */

/* Begin PBXSourcesBuildPhase section */
		619307EC2BA45F12008F8901 /* Sources */ = {
			isa = PBXSourcesBuildPhase;
			buildActionMask = 2147483647;
			files = (
				619308352BA6DDE3008F8901 /* CategoryRow.swift in Sources */,
				619308392BA6F9CC008F8901 /* Profile.swift in Sources */,
				619307F62BA45F12008F8901 /* ContentView.swift in Sources */,
				619308332BA6DA4C008F8901 /* CategoryHome.swift in Sources */,
				619308042BA46A56008F8901 /* MapView.swift in Sources */,
				619307F42BA45F12008F8901 /* LandmarksApp.swift in Sources */,
				6193082D2BA5B49E008F8901 /* GraphCapsule.swift in Sources */,
				6193082F2BA5B49E008F8901 /* HikeGraph.swift in Sources */,
				619308162BA48C5E008F8901 /* FavoriteButton.swift in Sources */,
				619308122BA47EBB008F8901 /* LandmarkList.swift in Sources */,
				619308372BA6E20B008F8901 /* CategoryItem.swift in Sources */,
				619308142BA47FF0008F8901 /* LandmarkDetail.swift in Sources */,
				6193083E2BA6FA81008F8901 /* ProfileSummary.swift in Sources */,
				619308272BA58D02008F8901 /* Hike.swift in Sources */,
				6193083C2BA6FA5F008F8901 /* ProfileHost.swift in Sources */,
				619308022BA46927008F8901 /* CircleImage.swift in Sources */,
				619308202BA58AE3008F8901 /* BadgeSymbol.swift in Sources */,
				619308222BA58B03008F8901 /* RotatedBadgeSymbol.swift in Sources */,
				619308422BA6FE43008F8901 /* ProfileEditor.swift in Sources */,
				6193082E2BA5B49E008F8901 /* HikeDetail.swift in Sources */,
				619308302BA5B49E008F8901 /* HikeView.swift in Sources */,
				6193081C2BA58914008F8901 /* BadgeBackground.swift in Sources */,
				619308082BA473B1008F8901 /* Landmark.swift in Sources */,
				619308402BA6FB22008F8901 /* HikeBadge.swift in Sources */,
				6193081A2BA4CFC4008F8901 /* HexagonParameter.swift in Sources */,
				619308102BA47CB1008F8901 /* LandmarkRow.swift in Sources */,
				6193081E2BA58A90008F8901 /* Badge.swift in Sources */,
				6193080A2BA476D8008F8901 /* ModelData.swift in Sources */,
			);
			runOnlyForDeploymentPostprocessing = 0;
		};
/* End PBXSourcesBuildPhase section */

/* Begin XCBuildConfiguration section */
		619307FC2BA45F15008F8901 /* Debug */ = {
			isa = XCBuildConfiguration;
			buildSettings = {
				ALWAYS_SEARCH_USER_PATHS = NO;
				ASSETCATALOG_COMPILER_GENERATE_SWIFT_ASSET_SYMBOL_EXTENSIONS = YES;
				CLANG_ANALYZER_NONNULL = YES;
				CLANG_ANALYZER_NUMBER_OBJECT_CONVERSION = YES_AGGRESSIVE;
				CLANG_CXX_LANGUAGE_STANDARD = "gnu++20";
				CLANG_ENABLE_MODULES = YES;
				CLANG_ENABLE_OBJC_ARC = YES;
				CLANG_ENABLE_OBJC_WEAK = YES;
				CLANG_WARN_BLOCK_CAPTURE_AUTORELEASING = YES;
				CLANG_WARN_BOOL_CONVERSION = YES;
				CLANG_WARN_COMMA = YES;
				CLANG_WARN_CONSTANT_CONVERSION = YES;
				CLANG_WARN_DEPRECATED_OBJC_IMPLEMENTATIONS = YES;
				CLANG_WARN_DIRECT_OBJC_ISA_USAGE = YES_ERROR;
				CLANG_WARN_DOCUMENTATION_COMMENTS = YES;
				CLANG_WARN_EMPTY_BODY = YES;
				CLANG_WARN_ENUM_CONVERSION = YES;
				CLANG_WARN_INFINITE_RECURSION = YES;
				CLANG_WARN_INT_CONVERSION = YES;
				CLANG_WARN_NON_LITERAL_NULL_CONVERSION = YES;
				CLANG_WARN_OBJC_IMPLICIT_RETAIN_SELF = YES;
				CLANG_WARN_OBJC_LITERAL_CONVERSION = YES;
				CLANG_WARN_OBJC_ROOT_CLASS = YES_ERROR;
				CLANG_WARN_QUOTED_INCLUDE_IN_FRAMEWORK_HEADER = YES;
				CLANG_WARN_RANGE_LOOP_ANALYSIS = YES;
				CLANG_WARN_STRICT_PROTOTYPES = YES;
				CLANG_WARN_SUSPICIOUS_MOVE = YES;
				CLANG_WARN_UNGUARDED_AVAILABILITY = YES_AGGRESSIVE;
				CLANG_WARN_UNREACHABLE_CODE = YES;
				CLANG_WARN__DUPLICATE_METHOD_MATCH = YES;
				COPY_PHASE_STRIP = NO;
				DEBUG_INFORMATION_FORMAT = dwarf;
				ENABLE_STRICT_OBJC_MSGSEND = YES;
				ENABLE_TESTABILITY = YES;
				ENABLE_USER_SCRIPT_SANDBOXING = YES;
				GCC_C_LANGUAGE_STANDARD = gnu17;
				GCC_DYNAMIC_NO_PIC = NO;
				GCC_NO_COMMON_BLOCKS = YES;
				GCC_OPTIMIZATION_LEVEL = 0;
				GCC_PREPROCESSOR_DEFINITIONS = (
					"DEBUG=1",
					"$(inherited)",
				);
				GCC_WARN_64_TO_32_BIT_CONVERSION = YES;
				GCC_WARN_ABOUT_RETURN_TYPE = YES_ERROR;
				GCC_WARN_UNDECLARED_SELECTOR = YES;
				GCC_WARN_UNINITIALIZED_AUTOS = YES_AGGRESSIVE;
				GCC_WARN_UNUSED_FUNCTION = YES;
				GCC_WARN_UNUSED_VARIABLE = YES;
				IPHONEOS_DEPLOYMENT_TARGET = 17.4;
				LOCALIZATION_PREFERS_STRING_CATALOGS = YES;
				MTL_ENABLE_DEBUG_INFO = INCLUDE_SOURCE;
				MTL_FAST_MATH = YES;
				ONLY_ACTIVE_ARCH = YES;
				SDKROOT = iphoneos;
				SWIFT_ACTIVE_COMPILATION_CONDITIONS = "DEBUG $(inherited)";
				SWIFT_OPTIMIZATION_LEVEL = "-Onone";
			};
			name = Debug;
		};
		619307FD2BA45F15008F8901 /* Release */ = {
			isa = XCBuildConfiguration;
			buildSettings = {
				ALWAYS_SEARCH_USER_PATHS = NO;
				ASSETCATALOG_COMPILER_GENERATE_SWIFT_ASSET_SYMBOL_EXTENSIONS = YES;
				CLANG_ANALYZER_NONNULL = YES;
				CLANG_ANALYZER_NUMBER_OBJECT_CONVERSION = YES_AGGRESSIVE;
				CLANG_CXX_LANGUAGE_STANDARD = "gnu++20";
				CLANG_ENABLE_MODULES = YES;
				CLANG_ENABLE_OBJC_ARC = YES;
				CLANG_ENABLE_OBJC_WEAK = YES;
				CLANG_WARN_BLOCK_CAPTURE_AUTORELEASING = YES;
				CLANG_WARN_BOOL_CONVERSION = YES;
				CLANG_WARN_COMMA = YES;
				CLANG_WARN_CONSTANT_CONVERSION = YES;
				CLANG_WARN_DEPRECATED_OBJC_IMPLEMENTATIONS = YES;
				CLANG_WARN_DIRECT_OBJC_ISA_USAGE = YES_ERROR;
				CLANG_WARN_DOCUMENTATION_COMMENTS = YES;
				CLANG_WARN_EMPTY_BODY = YES;
				CLANG_WARN_ENUM_CONVERSION = YES;
				CLANG_WARN_INFINITE_RECURSION = YES;
				CLANG_WARN_INT_CONVERSION = YES;
				CLANG_WARN_NON_LITERAL_NULL_CONVERSION = YES;
				CLANG_WARN_OBJC_IMPLICIT_RETAIN_SELF = YES;
				CLANG_WARN_OBJC_LITERAL_CONVERSION = YES;
				CLANG_WARN_OBJC_ROOT_CLASS = YES_ERROR;
				CLANG_WARN_QUOTED_INCLUDE_IN_FRAMEWORK_HEADER = YES;
				CLANG_WARN_RANGE_LOOP_ANALYSIS = YES;
				CLANG_WARN_STRICT_PROTOTYPES = YES;
				CLANG_WARN_SUSPICIOUS_MOVE = YES;
				CLANG_WARN_UNGUARDED_AVAILABILITY = YES_AGGRESSIVE;
				CLANG_WARN_UNREACHABLE_CODE = YES;
				CLANG_WARN__DUPLICATE_METHOD_MATCH = YES;
				COPY_PHASE_STRIP = NO;
				DEBUG_INFORMATION_FORMAT = "dwarf-with-dsym";
				ENABLE_NS_ASSERTIONS = NO;
				ENABLE_STRICT_OBJC_MSGSEND = YES;
				ENABLE_USER_SCRIPT_SANDBOXING = YES;
				GCC_C_LANGUAGE_STANDARD = gnu17;
				GCC_NO_COMMON_BLOCKS = YES;
				GCC_WARN_64_TO_32_BIT_CONVERSION = YES;
				GCC_WARN_ABOUT_RETURN_TYPE = YES_ERROR;
				GCC_WARN_UNDECLARED_SELECTOR = YES;
				GCC_WARN_UNINITIALIZED_AUTOS = YES_AGGRESSIVE;
				GCC_WARN_UNUSED_FUNCTION = YES;
				GCC_WARN_UNUSED_VARIABLE = YES;
				IPHONEOS_DEPLOYMENT_TARGET = 17.4;
				LOCALIZATION_PREFERS_STRING_CATALOGS = YES;
				MTL_ENABLE_DEBUG_INFO = NO;
				MTL_FAST_MATH = YES;
				SDKROOT = iphoneos;
				SWIFT_COMPILATION_MODE = wholemodule;
				VALIDATE_PRODUCT = YES;
			};
			name = Release;
		};
		619307FF2BA45F15008F8901 /* Debug */ = {
			isa = XCBuildConfiguration;
			buildSettings = {
				ASSETCATALOG_COMPILER_APPICON_NAME = AppIcon;
				ASSETCATALOG_COMPILER_GLOBAL_ACCENT_COLOR_NAME = AccentColor;
				CODE_SIGN_STYLE = Automatic;
				CURRENT_PROJECT_VERSION = 1;
				DEVELOPMENT_ASSET_PATHS = "\"Landmarks/Preview Content\"";
				DEVELOPMENT_TEAM = 5VSKL623NP;
				ENABLE_PREVIEWS = YES;
				GENERATE_INFOPLIST_FILE = YES;
				INFOPLIST_KEY_UIApplicationSceneManifest_Generation = YES;
				INFOPLIST_KEY_UIApplicationSupportsIndirectInputEvents = YES;
				INFOPLIST_KEY_UILaunchScreen_Generation = YES;
				INFOPLIST_KEY_UISupportedInterfaceOrientations_iPad = "UIInterfaceOrientationPortrait UIInterfaceOrientationPortraitUpsideDown UIInterfaceOrientationLandscapeLeft UIInterfaceOrientationLandscapeRight";
				INFOPLIST_KEY_UISupportedInterfaceOrientations_iPhone = "UIInterfaceOrientationPortrait UIInterfaceOrientationLandscapeLeft UIInterfaceOrientationLandscapeRight";
				IPHONEOS_DEPLOYMENT_TARGET = 17.0;
				LD_RUNPATH_SEARCH_PATHS = (
					"$(inherited)",
					"@executable_path/Frameworks",
				);
				MARKETING_VERSION = 1.0;
				PRODUCT_BUNDLE_IDENTIFIER = dev.upvotes.Landmarks;
				PRODUCT_NAME = "$(TARGET_NAME)";
				SWIFT_EMIT_LOC_STRINGS = YES;
				SWIFT_VERSION = 5.0;
				TARGETED_DEVICE_FAMILY = "1,2";
			};
			name = Debug;
		};
		619308002BA45F15008F8901 /* Release */ = {
			isa = XCBuildConfiguration;
			buildSettings = {
				ASSETCATALOG_COMPILER_APPICON_NAME = AppIcon;
				ASSETCATALOG_COMPILER_GLOBAL_ACCENT_COLOR_NAME = AccentColor;
				CODE_SIGN_STYLE = Automatic;
				CURRENT_PROJECT_VERSION = 1;
				DEVELOPMENT_ASSET_PATHS = "\"Landmarks/Preview Content\"";
				DEVELOPMENT_TEAM = 5VSKL623NP;
				ENABLE_PREVIEWS = YES;
				GENERATE_INFOPLIST_FILE = YES;
				INFOPLIST_KEY_UIApplicationSceneManifest_Generation = YES;
				INFOPLIST_KEY_UIApplicationSupportsIndirectInputEvents = YES;
				INFOPLIST_KEY_UILaunchScreen_Generation = YES;
				INFOPLIST_KEY_UISupportedInterfaceOrientations_iPad = "UIInterfaceOrientationPortrait UIInterfaceOrientationPortraitUpsideDown UIInterfaceOrientationLandscapeLeft UIInterfaceOrientationLandscapeRight";
				INFOPLIST_KEY_UISupportedInterfaceOrientations_iPhone = "UIInterfaceOrientationPortrait UIInterfaceOrientationLandscapeLeft UIInterfaceOrientationLandscapeRight";
				IPHONEOS_DEPLOYMENT_TARGET = 17.0;
				LD_RUNPATH_SEARCH_PATHS = (
					"$(inherited)",
					"@executable_path/Frameworks",
				);
				MARKETING_VERSION = 1.0;
				PRODUCT_BUNDLE_IDENTIFIER = dev.upvotes.Landmarks;
				PRODUCT_NAME = "$(TARGET_NAME)";
				SWIFT_EMIT_LOC_STRINGS = YES;
				SWIFT_VERSION = 5.0;
				TARGETED_DEVICE_FAMILY = "1,2";
			};
			name = Release;
		};
/* End XCBuildConfiguration section */

/* Begin XCConfigurationList section */
		619307EB2BA45F12008F8901 /* Build configuration list for PBXProject "Landmarks" */ = {
			isa = XCConfigurationList;
			buildConfigurations = (
				619307FC2BA45F15008F8901 /* Debug */,
				619307FD2BA45F15008F8901 /* Release */,
			);
			defaultConfigurationIsVisible = 0;
			defaultConfigurationName = Release;
		};
		619307FE2BA45F15008F8901 /* Build configuration list for PBXNativeTarget "Landmarks" */ = {
			isa = XCConfigurationList;
			buildConfigurations = (
				619307FF2BA45F15008F8901 /* Debug */,
				619308002BA45F15008F8901 /* Release */,
			);
			defaultConfigurationIsVisible = 0;
			defaultConfigurationName = Release;
		};
/* End XCConfigurationList section */
	};
	rootObject = 619307E82BA45F12008F8901 /* Project object */;
}
